
Microsoft Visual Studio Solution File, Format Version 12.00
# Visual Studio Version 17
VisualStudioVersion = 17.3.32922.545
MinimumVisualStudioVersion = 10.0.40219.1
Project("{FAE04EC0-301F-11D3-BF4B-00C04F79EFBC}") = "Pounds", "Pounds\Pounds.csproj", "{FF7C0054-994F-42D0-B36A-10252AEEAA01}"
EndProject
Project("{FAE04EC0-301F-11D3-BF4B-00C04F79EFBC}") = "Calc1", "Calc1\Calc1.csproj", "{9A4E766E-5C64-455D-99D2-27806D86F0CB}"
EndProject
Project("{FAE04EC0-301F-11D3-BF4B-00C04F79EFBC}") = "TregCalc", "TregCalc\TregCalc.csproj", "{E9EAA536-A3D0-4A4D-91EB-18E43B90EE6F}"
EndProject
Project("{FAE04EC0-301F-11D3-BF4B-00C04F79EFBC}") = "Zadanie3", "Zadanie3\Zadanie3.csproj", "{CCDC22D8-7633-46C7-9E33-6CAF97C64C1C}"
EndProject
Project("{FAE04EC0-301F-11D3-BF4B-00C04F79EFBC}") = "Zadanie4", "Zadanie4\Zadanie4.csproj", "{31BC5851-6842-4AB2-AB4C-3B1B4AB4321B}"
EndProject
Global
	GlobalSection(SolutionConfigurationPlatforms) = preSolution
		Debug|Any CPU = Debug|Any CPU
		Release|Any CPU = Release|Any CPU
	EndGlobalSection
	GlobalSection(ProjectConfigurationPlatforms) = postSolution
		{FF7C0054-994F-42D0-B36A-10252AEEAA01}.Debug|Any CPU.ActiveCfg = Debug|Any CPU
		{FF7C0054-994F-42D0-B36A-10252AEEAA01}.Debug|Any CPU.Build.0 = Debug|Any CPU
		{FF7C0054-994F-42D0-B36A-10252AEEAA01}.Release|Any CPU.ActiveCfg = Release|Any CPU
		{FF7C0054-994F-42D0-B36A-10252AEEAA01}.Release|Any CPU.Build.0 = Release|Any CPU
		{9A4E766E-5C64-455D-99D2-27806D86F0CB}.Debug|Any CPU.ActiveCfg = Debug|Any CPU
		{9A4E766E-5C64-455D-99D2-27806D86F0CB}.Debug|Any CPU.Build.0 = Debug|Any CPU
		{9A4E766E-5C64-455D-99D2-27806D86F0CB}.Release|Any CPU.ActiveCfg = Release|Any CPU
		{9A4E766E-5C64-455D-99D2-27806D86F0CB}.Release|Any CPU.Build.0 = Release|Any CPU
		{E9EAA536-A3D0-4A4D-91EB-18E43B90EE6F}.Debug|Any CPU.ActiveCfg = Debug|Any CPU
		{E9EAA536-A3D0-4A4D-91EB-18E43B90EE6F}.Debug|Any CPU.Build.0 = Debug|Any CPU
		{E9EAA536-A3D0-4A4D-91EB-18E43B90EE6F}.Release|Any CPU.ActiveCfg = Release|Any CPU
		{E9EAA536-A3D0-4A4D-91EB-18E43B90EE6F}.Release|Any CPU.Build.0 = Release|Any CPU
		{CCDC22D8-7633-46C7-9E33-6CAF97C64C1C}.Debug|Any CPU.ActiveCfg = Debug|Any CPU
		{CCDC22D8-7633-46C7-9E33-6CAF97C64C1C}.Debug|Any CPU.Build.0 = Debug|Any CPU
		{CCDC22D8-7633-46C7-9E33-6CAF97C64C1C}.Release|Any CPU.ActiveCfg = Release|Any CPU
		{CCDC22D8-7633-46C7-9E33-6CAF97C64C1C}.Release|Any CPU.Build.0 = Release|Any CPU
		{31BC5851-6842-4AB2-AB4C-3B1B4AB4321B}.Debug|Any CPU.ActiveCfg = Debug|Any CPU
		{31BC5851-6842-4AB2-AB4C-3B1B4AB4321B}.Debug|Any CPU.Build.0 = Debug|Any CPU
		{31BC5851-6842-4AB2-AB4C-3B1B4AB4321B}.Release|Any CPU.ActiveCfg = Release|Any CPU
		{31BC5851-6842-4AB2-AB4C-3B1B4AB4321B}.Release|Any CPU.Build.0 = Release|Any CPU
	EndGlobalSection
	GlobalSection(SolutionProperties) = preSolution
		HideSolutionNode = FALSE
	EndGlobalSection
	GlobalSection(ExtensibilityGlobals) = postSolution
		SolutionGuid = {89D27C33-D263-41C3-90B0-B602ED8319D7}
	EndGlobalSection
EndGlobal
